{
  "name": "intersides-workspace",
  "version": "1.0.0",
  "lockfileVersion": 3,
  "requires": true,
  "packages": {
    "": {
      "name": "intersides-workspace",
      "version": "1.0.0",
      "license": "ISC",
      "workspaces": [
        "libs/*"
      ]
    },
    "libs/browser": {
      "name": "@workspace/browser",
      "version": "1.0.0"
    },
    "libs/common": {
      "name": "@workspace/common",
      "version": "1.0.0"
    },
    "libs/node": {
      "name": "@workspace/node",
      "version": "1.0.0"
    },
    "node_modules/@workspace/browser": {
      "resolved": "libs/browser",
      "link": true
    },
    "node_modules/@workspace/common": {
      "resolved": "libs/common",
      "link": true
    },
    "node_modules/@workspace/node": {
      "resolved": "libs/node",
      "link": true
    }
  }
}
